
Microsoft Visual Studio Solution File, Format Version 12.00
# Visual Studio Version 17
VisualStudioVersion = 17.1.32421.90
MinimumVisualStudioVersion = 10.0.40219.1
Project("{FAE04EC0-301F-11D3-BF4B-00C04F79EFBC}") = "WebAppSQLInject", "WebAppSQLInject\WebAppSQLInject.csproj", "{0D9DD0DA-EE10-4210-BD1D-D20034D8F17A}"
EndProject
Global
	GlobalSection(SolutionConfigurationPlatforms) = preSolution
		Debug|Any CPU = Debug|Any CPU
		Release|Any CPU = Release|Any CPU
	EndGlobalSection
	GlobalSection(ProjectConfigurationPlatforms) = postSolution
		{0D9DD0DA-EE10-4210-BD1D-D20034D8F17A}.Debug|Any CPU.ActiveCfg = Debug|Any CPU
		{0D9DD0DA-EE10-4210-BD1D-D20034D8F17A}.Debug|Any CPU.Build.0 = Debug|Any CPU
		{0D9DD0DA-EE10-4210-BD1D-D20034D8F17A}.Release|Any CPU.ActiveCfg = Release|Any CPU
		{0D9DD0DA-EE10-4210-BD1D-D20034D8F17A}.Release|Any CPU.Build.0 = Release|Any CPU
	EndGlobalSection
	GlobalSection(SolutionProperties) = preSolution
		HideSolutionNode = FALSE
	EndGlobalSection
	GlobalSection(ExtensibilityGlobals) = postSolution
		SolutionGuid = {BC4175DE-88DE-4E39-8A11-9937FE732CEE}
	EndGlobalSection
	GlobalSection(TeamFoundationVersionControl) = preSolution
		SccNumberOfProjects = 2
		SccEnterpriseProvider = {4CA58AB2-18FA-4F8D-95D4-32DDF27D184C}
		SccTeamFoundationServer = https://chanmmn.visualstudio.com/
		SccLocalPath0 = .
		SccProjectUniqueName1 = WebAppSQLInject\\WebAppSQLInject.csproj
		SccProjectName1 = WebAppSQLInject
		SccLocalPath1 = WebAppSQLInject
	EndGlobalSection
EndGlobal
